uuid: df65941c-f36c-4145-be30-9e0a0201ab92
langcode: en
status: true
dependencies:
  config:
    - views.view.hero
  module:
    - views
  theme:
    - accesio
id: views_hero_block
theme: accesio
region: content_top
weight: -7
provider: null
plugin: 'views_block:hero-hero_block'
settings:
  id: 'views_block:hero-hero_block'
  label: ''
  provider: views
  label_display: '0'
  views_label: ''
  items_per_page: none
  context_mapping: {  }
visibility: {  }
