uuid: b59bfe02-cda7-4871-8eeb-a46c13e6743a
langcode: en
status: true
dependencies:
  config:
    - field.storage.paragraph.field_block
    - paragraphs.paragraphs_type.block
  module:
    - block_field
id: paragraph.block.field_block
field_name: field_block
entity_type: paragraph
bundle: block
label: Block
description: ''
required: false
translatable: false
default_value: {  }
default_value_callback: ''
settings:
  selection: blocks
  selection_settings:
    plugin_ids:
      accesio_styles: accesio_styles
      system_powered_by_block: system_powered_by_block
      views_exposed_filter_blocks_block: views_exposed_filter_blocks_block
      webform_block: webform_block
field_type: block_field
